
Microsoft Visual Studio Solution File, Format Version 12.00
# Visual Studio Version 16
VisualStudioVersion = 16.0.31729.503
MinimumVisualStudioVersion = 10.0.40219.1
Project("{FAE04EC0-301F-11D3-BF4B-00C04F79EFBC}") = "StringCalculatorKata", "StringCalculatorKata.csproj", "{131DE074-8FFE-4C9D-9862-73188D5F11F5}"
EndProject
Global
	GlobalSection(SolutionConfigurationPlatforms) = preSolution
		Debug|Any CPU = Debug|Any CPU
		Release|Any CPU = Release|Any CPU
	EndGlobalSection
	GlobalSection(ProjectConfigurationPlatforms) = postSolution
		{131DE074-8FFE-4C9D-9862-73188D5F11F5}.Debug|Any CPU.ActiveCfg = Debug|Any CPU
		{131DE074-8FFE-4C9D-9862-73188D5F11F5}.Debug|Any CPU.Build.0 = Debug|Any CPU
		{131DE074-8FFE-4C9D-9862-73188D5F11F5}.Release|Any CPU.ActiveCfg = Release|Any CPU
		{131DE074-8FFE-4C9D-9862-73188D5F11F5}.Release|Any CPU.Build.0 = Release|Any CPU
	EndGlobalSection
	GlobalSection(SolutionProperties) = preSolution
		HideSolutionNode = FALSE
	EndGlobalSection
	GlobalSection(ExtensibilityGlobals) = postSolution
		SolutionGuid = {B0B5B2B5-0C1B-4A87-9B39-FF84B5C0114F}
	EndGlobalSection
EndGlobal
